
Microsoft Visual Studio Solution File, Format Version 12.00
# Visual Studio Version 17
VisualStudioVersion = 17.8.34330.188
MinimumVisualStudioVersion = 10.0.40219.1
Project("{9A19103F-16F7-4668-BE54-9A1E7A4F7556}") = "ManagmentCentral.Server", "ManagmentCentral\Server\ManagmentCentral.Server.csproj", "{58F4EF68-46CB-47CA-9134-888DCFDF62C2}"
EndProject
Project("{9A19103F-16F7-4668-BE54-9A1E7A4F7556}") = "ManagmentCentral.Client", "ManagmentCentral\Client\ManagmentCentral.Client.csproj", "{341704EA-31C0-4AF6-A9CA-D0139EA5FEB5}"
EndProject
Project("{9A19103F-16F7-4668-BE54-9A1E7A4F7556}") = "ManagmentCentral.Shared", "ManagmentCentral\Shared\ManagmentCentral.Shared.csproj", "{04F85E91-4D8A-48ED-B2CB-5472C24315CF}"
EndProject
Project("{FAE04EC0-301F-11D3-BF4B-00C04F79EFBC}") = "DeviceAPI", "DeviceAPI\DeviceAPI.csproj", "{2AFD6AF5-C516-4428-93B6-7E82F8E57904}"
EndProject
Global
	GlobalSection(SolutionConfigurationPlatforms) = preSolution
		Debug|Any CPU = Debug|Any CPU
		Release|Any CPU = Release|Any CPU
	EndGlobalSection
	GlobalSection(ProjectConfigurationPlatforms) = postSolution
		{58F4EF68-46CB-47CA-9134-888DCFDF62C2}.Debug|Any CPU.ActiveCfg = Debug|Any CPU
		{58F4EF68-46CB-47CA-9134-888DCFDF62C2}.Debug|Any CPU.Build.0 = Debug|Any CPU
		{58F4EF68-46CB-47CA-9134-888DCFDF62C2}.Release|Any CPU.ActiveCfg = Release|Any CPU
		{58F4EF68-46CB-47CA-9134-888DCFDF62C2}.Release|Any CPU.Build.0 = Release|Any CPU
		{341704EA-31C0-4AF6-A9CA-D0139EA5FEB5}.Debug|Any CPU.ActiveCfg = Debug|Any CPU
		{341704EA-31C0-4AF6-A9CA-D0139EA5FEB5}.Debug|Any CPU.Build.0 = Debug|Any CPU
		{341704EA-31C0-4AF6-A9CA-D0139EA5FEB5}.Release|Any CPU.ActiveCfg = Release|Any CPU
		{341704EA-31C0-4AF6-A9CA-D0139EA5FEB5}.Release|Any CPU.Build.0 = Release|Any CPU
		{04F85E91-4D8A-48ED-B2CB-5472C24315CF}.Debug|Any CPU.ActiveCfg = Debug|Any CPU
		{04F85E91-4D8A-48ED-B2CB-5472C24315CF}.Debug|Any CPU.Build.0 = Debug|Any CPU
		{04F85E91-4D8A-48ED-B2CB-5472C24315CF}.Release|Any CPU.ActiveCfg = Release|Any CPU
		{04F85E91-4D8A-48ED-B2CB-5472C24315CF}.Release|Any CPU.Build.0 = Release|Any CPU
		{2AFD6AF5-C516-4428-93B6-7E82F8E57904}.Debug|Any CPU.ActiveCfg = Debug|Any CPU
		{2AFD6AF5-C516-4428-93B6-7E82F8E57904}.Debug|Any CPU.Build.0 = Debug|Any CPU
		{2AFD6AF5-C516-4428-93B6-7E82F8E57904}.Release|Any CPU.ActiveCfg = Release|Any CPU
		{2AFD6AF5-C516-4428-93B6-7E82F8E57904}.Release|Any CPU.Build.0 = Release|Any CPU
	EndGlobalSection
	GlobalSection(SolutionProperties) = preSolution
		HideSolutionNode = FALSE
	EndGlobalSection
	GlobalSection(ExtensibilityGlobals) = postSolution
		SolutionGuid = {0F2F533D-2144-4512-954F-A3BDF365FEB9}
	EndGlobalSection
EndGlobal
